# THIS IS AN AUTOGENERATED FILE. DO NOT EDIT THIS FILE DIRECTLY.
# yarn lockfile v1


"@react-native-async-storage/async-storage@^1.18.1":
  version "1.18.1"
  resolved "https://registry.yarnpkg.com/@react-native-async-storage/async-storage/-/async-storage-1.18.1.tgz#b1aea4f07fb1dba3325b857b770671517ddab221"
  integrity sha512-70aFW8fVCKl+oA1AKPFDpE6s4t9pulj2QeLX+MabEmzfT3urd/3cckv45WJvtocdoIH/oXA3Y+YcCRJCcNa8mA==
  dependencies:
    merge-options "^3.0.4"

"@types/prop-types@*":
  version "15.7.5"
  resolved "https://registry.yarnpkg.com/@types/prop-types/-/prop-types-15.7.5.tgz#5f19d2b85a98e9558036f6a3cacc8819420f05cf"
  integrity sha512-JCB8C6SnDoQf0cNycqd/35A7MjcnK+ZTqE7judS6o7utxUCg6imJg3QK2qzHKszlTjcj2cn+NwMB2i96ubpj7w==

"@types/react-native@^0.71.6":
  version "0.71.6"
  resolved "https://registry.yarnpkg.com/@types/react-native/-/react-native-0.71.6.tgz#bf0fc6a69bf0c2933c089dfb19fc182b09cb7790"
  integrity sha512-eCqEZ+GhW9L9o6yVoPqCCAq8Sbd6liaKlh6WviD0X7O035NEe7VQ+q9KXYL+mhyZrLI5sbX7f3G973gG6fuiyQ==
  dependencies:
    "@types/react" "*"

"@types/react@*":
  version "18.2.2"
  resolved "https://registry.yarnpkg.com/@types/react/-/react-18.2.2.tgz#2b6b1831d9c805b3790b6613becb5c8d2f3be479"
  integrity sha512-4GZH3GLuqdZbDvOW5Pqqe7jgsDrKwkJfZMZLwFcgoz3CVDSvnMeG/Ihe44IbZ5Mqhh1fyTh5e44z6pNjIzzV8g==
  dependencies:
    "@types/prop-types" "*"
    "@types/scheduler" "*"
    csstype "^3.0.2"

"@types/scheduler@*":
  version "0.16.3"
  resolved "https://registry.yarnpkg.com/@types/scheduler/-/scheduler-0.16.3.tgz#cef09e3ec9af1d63d2a6cc5b383a737e24e6dcf5"
  integrity sha512-5cJ8CB4yAx7BH1oMvdU0Jh9lrEXyPkar6F9G/ERswkCuvP4KQZfZkSjcMbAICCpQTN4OuZn8tz0HiKv9TGZgrQ==

csstype@^3.0.2:
  version "3.1.2"
  resolved "https://registry.yarnpkg.com/csstype/-/csstype-3.1.2.tgz#1d4bf9d572f11c14031f0436e1c10bc1f571f50b"
  integrity sha512-I7K1Uu0MBPzaFKg4nI5Q7Vs2t+3gWWW648spaF+Rg7pI9ds18Ugn+lvg4SHczUdKlHI5LWBXyqfS8+DufyBsgQ==

is-plain-obj@^2.1.0:
  version "2.1.0"
  resolved "https://registry.yarnpkg.com/is-plain-obj/-/is-plain-obj-2.1.0.tgz#45e42e37fccf1f40da8e5f76ee21515840c09287"
  integrity sha512-YWnfyRwxL/+SsrWYfOpUtz5b3YD+nyfkHvjbcanzk8zgyO4ASD67uVMRt8k5bM4lLMDnXfriRhOpemw+NfT1eA==

merge-options@^3.0.4:
  version "3.0.4"
  resolved "https://registry.yarnpkg.com/merge-options/-/merge-options-3.0.4.tgz#84709c2aa2a4b24c1981f66c179fe5565cc6dbb7"
  integrity sha512-2Sug1+knBjkaMsMgf1ctR1Ujx+Ayku4EdJN4Z+C2+JzoeF7A3OZ9KM2GY0CpQS51NR61LTurMJrRKPhSs3ZRTQ==
  dependencies:
    is-plain-obj "^2.1.0"

typescript@^5.0.4:
  version "5.0.4"
  resolved "https://registry.yarnpkg.com/typescript/-/typescript-5.0.4.tgz#b217fd20119bd61a94d4011274e0ab369058da3b"
  integrity sha512-cW9T5W9xY37cc+jfEnaUvX91foxtHkza3Nw3wkoF4sSlKn0MONdkdEndig/qPBWXNkmplh3NzayQzCiHM4/hqw==
